// !$*UTF8*$!
{
	archiveVersion = 1;
	classes = {
	};
	objectVersion = 77;
	objects = {

/* Begin PBXContainerItemProxy section */
		55115C582EF4DD8F00FAF4C0 /* PBXContainerItemProxy */ = {
			isa = PBXContainerItemProxy;
			containerPortal = 55115C3E2EF4DD8E00FAF4C0 /* Project object */;
			proxyType = 1;
			remoteGlobalIDString = 55115C452EF4DD8E00FAF4C0;
			remoteInfo = dazuofanyiguan;
		};
		55115C622EF4DD8F00FAF4C0 /* PBXContainerItemProxy */ = {
			isa = PBXContainerItemProxy;
			containerPortal = 55115C3E2EF4DD8E00FAF4C0 /* Project object */;
			proxyType = 1;
			remoteGlobalIDString = 55115C452EF4DD8E00FAF4C0;
			remoteInfo = dazuofanyiguan;
		};
/* End PBXContainerItemProxy section */

/* Begin PBXFileReference section */
		55115C462EF4DD8E00FAF4C0 /* dazuofanyiguan.app */ = {isa = PBXFileReference; explicitFileType = wrapper.application; includeInIndex = 0; path = dazuofanyiguan.app; sourceTree = BUILT_PRODUCTS_DIR; };
		55115C572EF4DD8F00FAF4C0 /* dazuofanyiguanTests.xctest */ = {isa = PBXFileReference; explicitFileType = wrapper.cfbundle; includeInIndex = 0; path = dazuofanyiguanTests.xctest; sourceTree = BUILT_PRODUCTS_DIR; };
		55115C612EF4DD8F00FAF4C0 /* dazuofanyiguanUITests.xctest */ = {isa = PBXFileReference; explicitFileType = wrapper.cfbundle; includeInIndex = 0; path = dazuofanyiguanUITests.xctest; sourceTree = BUILT_PRODUCTS_DIR; };
/* End PBXFileReference section */

/* Begin PBXFileSystemSynchronizedRootGroup section */
		55115C482EF4DD8E00FAF4C0 /* dazuofanyiguan */ = {
			isa = PBXFileSystemSynchronizedRootGroup;
			path = dazuofanyiguan;
			sourceTree = "<group>";
		};
		55115C5A2EF4DD8F00FAF4C0 /* dazuofanyiguanTests */ = {
			isa = PBXFileSystemSynchronizedRootGroup;
			path = dazuofanyiguanTests;
			sourceTree = "<group>";
		};
		55115C642EF4DD8F00FAF4C0 /* dazuofanyiguanUITests */ = {
			isa = PBXFileSystemSynchronizedRootGroup;
			path = dazuofanyiguanUITests;
			sourceTree = "<group>";
		};
/* End PBXFileSystemSynchronizedRootGroup section */

/* Begin PBXFrameworksBuildPhase section */
		55115C432EF4DD8E00FAF4C0 /* Frameworks */ = {
			isa = PBXFrameworksBuildPhase;
			buildActionMask = 2147483647;
			files = (
			);
			runOnlyForDeploymentPostprocessing = 0;
		};
		55115C542EF4DD8F00FAF4C0 /* Frameworks */ = {
			isa = PBXFrameworksBuildPhase;
			buildActionMask = 2147483647;
			files = (
			);
			runOnlyForDeploymentPostprocessing = 0;
		};
		55115C5E2EF4DD8F00FAF4C0 /* Frameworks */ = {
			isa = PBXFrameworksBuildPhase;
			buildActionMask = 2147483647;
			files = (
			);
			runOnlyForDeploymentPostprocessing = 0;
		};
/* End PBXFrameworksBuildPhase section */

/* Begin PBXGroup section */
		55115C3D2EF4DD8E00FAF4C0 = {
			isa = PBXGroup;
			children = (
				55115C482EF4DD8E00FAF4C0 /* dazuofanyiguan */,
				55115C5A2EF4DD8F00FAF4C0 /* dazuofanyiguanTests */,
				55115C642EF4DD8F00FAF4C0 /* dazuofanyiguanUITests */,
				55115C472EF4DD8E00FAF4C0 /* Products */,
			);
			sourceTree = "<group>";
		};
		55115C472EF4DD8E00FAF4C0 /* Products */ = {
			isa = PBXGroup;
			children = (
				55115C462EF4DD8E00FAF4C0 /* dazuofanyiguan.app */,
				55115C572EF4DD8F00FAF4C0 /* dazuofanyiguanTests.xctest */,
				55115C612EF4DD8F00FAF4C0 /* dazuofanyiguanUITests.xctest */,
			);
			name = Products;
			sourceTree = "<group>";
		};
/* End PBXGroup section */

/* Begin PBXNativeTarget section */
		55115C452EF4DD8E00FAF4C0 /* dazuofanyiguan */ = {
			isa = PBXNativeTarget;
			buildConfigurationList = 55115C6B2EF4DD8F00FAF4C0 /* Build configuration list for PBXNativeTarget "dazuofanyiguan" */;
			buildPhases = (
				55115C422EF4DD8E00FAF4C0 /* Sources */,
				55115C432EF4DD8E00FAF4C0 /* Frameworks */,
				55115C442EF4DD8E00FAF4C0 /* Resources */,
			);
			buildRules = (
			);
			dependencies = (
			);
			fileSystemSynchronizedGroups = (
				55115C482EF4DD8E00FAF4C0 /* dazuofanyiguan */,
			);
			name = dazuofanyiguan;
			packageProductDependencies = (
			);
			productName = dazuofanyiguan;
			productReference = 55115C462EF4DD8E00FAF4C0 /* dazuofanyiguan.app */;
			productType = "com.apple.product-type.application";
		};
		55115C562EF4DD8F00FAF4C0 /* dazuofanyiguanTests */ = {
			isa = PBXNativeTarget;
			buildConfigurationList = 55115C6E2EF4DD8F00FAF4C0 /* Build configuration list for PBXNativeTarget "dazuofanyiguanTests" */;
			buildPhases = (
				55115C532EF4DD8F00FAF4C0 /* Sources */,
				55115C542EF4DD8F00FAF4C0 /* Frameworks */,
				55115C552EF4DD8F00FAF4C0 /* Resources */,
			);
			buildRules = (
			);
			dependencies = (
				55115C592EF4DD8F00FAF4C0 /* PBXTargetDependency */,
			);
			fileSystemSynchronizedGroups = (
				55115C5A2EF4DD8F00FAF4C0 /* dazuofanyiguanTests */,
			);
			name = dazuofanyiguanTests;
			packageProductDependencies = (
			);
			productName = dazuofanyiguanTests;
			productReference = 55115C572EF4DD8F00FAF4C0 /* dazuofanyiguanTests.xctest */;
			productType = "com.apple.product-type.bundle.unit-test";
		};
		55115C602EF4DD8F00FAF4C0 /* dazuofanyiguanUITests */ = {
			isa = PBXNativeTarget;
			buildConfigurationList = 55115C712EF4DD8F00FAF4C0 /* Build configuration list for PBXNativeTarget "dazuofanyiguanUITests" */;
			buildPhases = (
				55115C5D2EF4DD8F00FAF4C0 /* Sources */,
				55115C5E2EF4DD8F00FAF4C0 /* Frameworks */,
				55115C5F2EF4DD8F00FAF4C0 /* Resources */,
			);
			buildRules = (
			);
			dependencies = (
				55115C632EF4DD8F00FAF4C0 /* PBXTargetDependency */,
			);
			fileSystemSynchronizedGroups = (
				55115C642EF4DD8F00FAF4C0 /* dazuofanyiguanUITests */,
			);
			name = dazuofanyiguanUITests;
			packageProductDependencies = (
			);
			productName = dazuofanyiguanUITests;
			productReference = 55115C612EF4DD8F00FAF4C0 /* dazuofanyiguanUITests.xctest */;
			productType = "com.apple.product-type.bundle.ui-testing";
		};
/* End PBXNativeTarget section */

/* Begin PBXProject section */
		55115C3E2EF4DD8E00FAF4C0 /* Project object */ = {
			isa = PBXProject;
			attributes = {
				BuildIndependentTargetsInParallel = 1;
				LastSwiftUpdateCheck = 1610;
				LastUpgradeCheck = 1610;
				TargetAttributes = {
					55115C452EF4DD8E00FAF4C0 = {
						CreatedOnToolsVersion = 16.1;
					};
					55115C562EF4DD8F00FAF4C0 = {
						CreatedOnToolsVersion = 16.1;
						TestTargetID = 55115C452EF4DD8E00FAF4C0;
					};
					55115C602EF4DD8F00FAF4C0 = {
						CreatedOnToolsVersion = 16.1;
						TestTargetID = 55115C452EF4DD8E00FAF4C0;
					};
				};
			};
			buildConfigurationList = 55115C412EF4DD8E00FAF4C0 /* Build configuration list for PBXProject "dazuofanyiguan" */;
			developmentRegion = en;
			hasScannedForEncodings = 0;
			knownRegions = (
				en,
				Base,
			);
			mainGroup = 55115C3D2EF4DD8E00FAF4C0;
			minimizedProjectReferenceProxies = 1;
			preferredProjectObjectVersion = 77;
			productRefGroup = 55115C472EF4DD8E00FAF4C0 /* Products */;
			projectDirPath = "";
			projectRoot = "";
			targets = (
				55115C452EF4DD8E00FAF4C0 /* dazuofanyiguan */,
				55115C562EF4DD8F00FAF4C0 /* dazuofanyiguanTests */,
				55115C602EF4DD8F00FAF4C0 /* dazuofanyiguanUITests */,
			);
		};
/* End PBXProject section */

/* Begin PBXResourcesBuildPhase section */
		55115C442EF4DD8E00FAF4C0 /* Resources */ = {
			isa = PBXResourcesBuildPhase;
			buildActionMask = 2147483647;
			files = (
			);
			runOnlyForDeploymentPostprocessing = 0;
		};
		55115C552EF4DD8F00FAF4C0 /* Resources */ = {
			isa = PBXResourcesBuildPhase;
			buildActionMask = 2147483647;
			files = (
			);
			runOnlyForDeploymentPostprocessing = 0;
		};
		55115C5F2EF4DD8F00FAF4C0 /* Resources */ = {
			isa = PBXResourcesBuildPhase;
			buildActionMask = 2147483647;
			files = (
			);
			runOnlyForDeploymentPostprocessing = 0;
		};
/* End PBXResourcesBuildPhase section */

/* Begin PBXSourcesBuildPhase section */
		55115C422EF4DD8E00FAF4C0 /* Sources */ = {
			isa = PBXSourcesBuildPhase;
			buildActionMask = 2147483647;
			files = (
			);
			runOnlyForDeploymentPostprocessing = 0;
		};
		55115C532EF4DD8F00FAF4C0 /* Sources */ = {
			isa = PBXSourcesBuildPhase;
			buildActionMask = 2147483647;
			files = (
			);
			runOnlyForDeploymentPostprocessing = 0;
		};
		55115C5D2EF4DD8F00FAF4C0 /* Sources */ = {
			isa = PBXSourcesBuildPhase;
			buildActionMask = 2147483647;
			files = (
			);
			runOnlyForDeploymentPostprocessing = 0;
		};
/* End PBXSourcesBuildPhase section */

/* Begin PBXTargetDependency section */
		55115C592EF4DD8F00FAF4C0 /* PBXTargetDependency */ = {
			isa = PBXTargetDependency;
			target = 55115C452EF4DD8E00FAF4C0 /* dazuofanyiguan */;
			targetProxy = 55115C582EF4DD8F00FAF4C0 /* PBXContainerItemProxy */;
		};
		55115C632EF4DD8F00FAF4C0 /* PBXTargetDependency */ = {
			isa = PBXTargetDependency;
			target = 55115C452EF4DD8E00FAF4C0 /* dazuofanyiguan */;
			targetProxy = 55115C622EF4DD8F00FAF4C0 /* PBXContainerItemProxy */;
		};
/* End PBXTargetDependency section */

/* Begin XCBuildConfiguration section */
		55115C692EF4DD8F00FAF4C0 /* Debug */ = {
			isa = XCBuildConfiguration;
			buildSettings = {
				ALWAYS_SEARCH_USER_PATHS = NO;
				ASSETCATALOG_COMPILER_GENERATE_SWIFT_ASSET_SYMBOL_EXTENSIONS = YES;
				CLANG_ANALYZER_NONNULL = YES;
				CLANG_ANALYZER_NUMBER_OBJECT_CONVERSION = YES_AGGRESSIVE;
				CLANG_CXX_LANGUAGE_STANDARD = "gnu++20";
				CLANG_ENABLE_MODULES = YES;
				CLANG_ENABLE_OBJC_ARC = YES;
				CLANG_ENABLE_OBJC_WEAK = YES;
				CLANG_WARN_BLOCK_CAPTURE_AUTORELEASING = YES;
				CLANG_WARN_BOOL_CONVERSION = YES;
				CLANG_WARN_COMMA = YES;
				CLANG_WARN_CONSTANT_CONVERSION = YES;
				CLANG_WARN_DEPRECATED_OBJC_IMPLEMENTATIONS = YES;
				CLANG_WARN_DIRECT_OBJC_ISA_USAGE = YES_ERROR;
				CLANG_WARN_DOCUMENTATION_COMMENTS = YES;
				CLANG_WARN_EMPTY_BODY = YES;
				CLANG_WARN_ENUM_CONVERSION = YES;
				CLANG_WARN_INFINITE_RECURSION = YES;
				CLANG_WARN_INT_CONVERSION = YES;
				CLANG_WARN_NON_LITERAL_NULL_CONVERSION = YES;
				CLANG_WARN_OBJC_IMPLICIT_RETAIN_SELF = YES;
				CLANG_WARN_OBJC_LITERAL_CONVERSION = YES;
				CLANG_WARN_OBJC_ROOT_CLASS = YES_ERROR;
				CLANG_WARN_QUOTED_INCLUDE_IN_FRAMEWORK_HEADER = YES;
				CLANG_WARN_RANGE_LOOP_ANALYSIS = YES;
				CLANG_WARN_STRICT_PROTOTYPES = YES;
				CLANG_WARN_SUSPICIOUS_MOVE = YES;
				CLANG_WARN_UNGUARDED_AVAILABILITY = YES_AGGRESSIVE;
				CLANG_WARN_UNREACHABLE_CODE = YES;
				CLANG_WARN__DUPLICATE_METHOD_MATCH = YES;
				COPY_PHASE_STRIP = NO;
				DEBUG_INFORMATION_FORMAT = dwarf;
				ENABLE_STRICT_OBJC_MSGSEND = YES;
				ENABLE_TESTABILITY = YES;
				ENABLE_USER_SCRIPT_SANDBOXING = YES;
				GCC_C_LANGUAGE_STANDARD = gnu17;
				GCC_DYNAMIC_NO_PIC = NO;
				GCC_NO_COMMON_BLOCKS = YES;
				GCC_OPTIMIZATION_LEVEL = 0;
				GCC_PREPROCESSOR_DEFINITIONS = (
					"DEBUG=1",
					"$(inherited)",
				);
				GCC_WARN_64_TO_32_BIT_CONVERSION = YES;
				GCC_WARN_ABOUT_RETURN_TYPE = YES_ERROR;
				GCC_WARN_UNDECLARED_SELECTOR = YES;
				GCC_WARN_UNINITIALIZED_AUTOS = YES_AGGRESSIVE;
				GCC_WARN_UNUSED_FUNCTION = YES;
				GCC_WARN_UNUSED_VARIABLE = YES;
				LOCALIZATION_PREFERS_STRING_CATALOGS = YES;
				MACOSX_DEPLOYMENT_TARGET = 15.1;
				MTL_ENABLE_DEBUG_INFO = INCLUDE_SOURCE;
				MTL_FAST_MATH = YES;
				ONLY_ACTIVE_ARCH = YES;
				SDKROOT = macosx;
				SWIFT_ACTIVE_COMPILATION_CONDITIONS = "DEBUG $(inherited)";
				SWIFT_OPTIMIZATION_LEVEL = "-Onone";
			};
			name = Debug;
		};
		55115C6A2EF4DD8F00FAF4C0 /* Release */ = {
			isa = XCBuildConfiguration;
			buildSettings = {
				ALWAYS_SEARCH_USER_PATHS = NO;
				ASSETCATALOG_COMPILER_GENERATE_SWIFT_ASSET_SYMBOL_EXTENSIONS = YES;
				CLANG_ANALYZER_NONNULL = YES;
				CLANG_ANALYZER_NUMBER_OBJECT_CONVERSION = YES_AGGRESSIVE;
				CLANG_CXX_LANGUAGE_STANDARD = "gnu++20";
				CLANG_ENABLE_MODULES = YES;
				CLANG_ENABLE_OBJC_ARC = YES;
				CLANG_ENABLE_OBJC_WEAK = YES;
				CLANG_WARN_BLOCK_CAPTURE_AUTORELEASING = YES;
				CLANG_WARN_BOOL_CONVERSION = YES;
				CLANG_WARN_COMMA = YES;
				CLANG_WARN_CONSTANT_CONVERSION = YES;
				CLANG_WARN_DEPRECATED_OBJC_IMPLEMENTATIONS = YES;
				CLANG_WARN_DIRECT_OBJC_ISA_USAGE = YES_ERROR;
				CLANG_WARN_DOCUMENTATION_COMMENTS = YES;
				CLANG_WARN_EMPTY_BODY = YES;
				CLANG_WARN_ENUM_CONVERSION = YES;
				CLANG_WARN_INFINITE_RECURSION = YES;
				CLANG_WARN_INT_CONVERSION = YES;
				CLANG_WARN_NON_LITERAL_NULL_CONVERSION = YES;
				CLANG_WARN_OBJC_IMPLICIT_RETAIN_SELF = YES;
				CLANG_WARN_OBJC_LITERAL_CONVERSION = YES;
				CLANG_WARN_OBJC_ROOT_CLASS = YES_ERROR;
				CLANG_WARN_QUOTED_INCLUDE_IN_FRAMEWORK_HEADER = YES;
				CLANG_WARN_RANGE_LOOP_ANALYSIS = YES;
				CLANG_WARN_STRICT_PROTOTYPES = YES;
				CLANG_WARN_SUSPICIOUS_MOVE = YES;
				CLANG_WARN_UNGUARDED_AVAILABILITY = YES_AGGRESSIVE;
				CLANG_WARN_UNREACHABLE_CODE = YES;
				CLANG_WARN__DUPLICATE_METHOD_MATCH = YES;
				COPY_PHASE_STRIP = NO;
				DEBUG_INFORMATION_FORMAT = "dwarf-with-dsym";
				ENABLE_NS_ASSERTIONS = NO;
				ENABLE_STRICT_OBJC_MSGSEND = YES;
				ENABLE_USER_SCRIPT_SANDBOXING = YES;
				GCC_C_LANGUAGE_STANDARD = gnu17;
				GCC_NO_COMMON_BLOCKS = YES;
				GCC_WARN_64_TO_32_BIT_CONVERSION = YES;
				GCC_WARN_ABOUT_RETURN_TYPE = YES_ERROR;
				GCC_WARN_UNDECLARED_SELECTOR = YES;
				GCC_WARN_UNINITIALIZED_AUTOS = YES_AGGRESSIVE;
				GCC_WARN_UNUSED_FUNCTION = YES;
				GCC_WARN_UNUSED_VARIABLE = YES;
				LOCALIZATION_PREFERS_STRING_CATALOGS = YES;
				MACOSX_DEPLOYMENT_TARGET = 15.1;
				MTL_ENABLE_DEBUG_INFO = NO;
				MTL_FAST_MATH = YES;
				SDKROOT = macosx;
				SWIFT_COMPILATION_MODE = wholemodule;
			};
			name = Release;
		};
		55115C6C2EF4DD8F00FAF4C0 /* Debug */ = {
			isa = XCBuildConfiguration;
			buildSettings = {
				ASSETCATALOG_COMPILER_APPICON_NAME = AppIcon;
				ASSETCATALOG_COMPILER_GLOBAL_ACCENT_COLOR_NAME = AccentColor;
				CODE_SIGN_ENTITLEMENTS = dazuofanyiguan/dazuofanyiguan.entitlements;
				CODE_SIGN_STYLE = Automatic;
				COMBINE_HIDPI_IMAGES = YES;
				CURRENT_PROJECT_VERSION = 1;
				DEVELOPMENT_ASSET_PATHS = "\"dazuofanyiguan/Preview Content\"";
				DEVELOPMENT_TEAM = S336CKXSUQ;
				ENABLE_HARDENED_RUNTIME = YES;
				ENABLE_PREVIEWS = YES;
				GENERATE_INFOPLIST_FILE = YES;
				INFOPLIST_KEY_NSHumanReadableCopyright = "";
				LD_RUNPATH_SEARCH_PATHS = (
					"$(inherited)",
					"@executable_path/../Frameworks",
				);
				MARKETING_VERSION = 1.0;
				PRODUCT_BUNDLE_IDENTIFIER = achord.dazuofanyiguan;
				PRODUCT_NAME = "$(TARGET_NAME)";
				SWIFT_EMIT_LOC_STRINGS = YES;
				SWIFT_VERSION = 5.0;
			};
			name = Debug;
		};
		55115C6D2EF4DD8F00FAF4C0 /* Release */ = {
			isa = XCBuildConfiguration;
			buildSettings = {
				ASSETCATALOG_COMPILER_APPICON_NAME = AppIcon;
				ASSETCATALOG_COMPILER_GLOBAL_ACCENT_COLOR_NAME = AccentColor;
				CODE_SIGN_ENTITLEMENTS = dazuofanyiguan/dazuofanyiguan.entitlements;
				CODE_SIGN_STYLE = Automatic;
				COMBINE_HIDPI_IMAGES = YES;
				CURRENT_PROJECT_VERSION = 1;
				DEVELOPMENT_ASSET_PATHS = "\"dazuofanyiguan/Preview Content\"";
				DEVELOPMENT_TEAM = S336CKXSUQ;
				ENABLE_HARDENED_RUNTIME = YES;
				ENABLE_PREVIEWS = YES;
				GENERATE_INFOPLIST_FILE = YES;
				INFOPLIST_KEY_NSHumanReadableCopyright = "";
				LD_RUNPATH_SEARCH_PATHS = (
					"$(inherited)",
					"@executable_path/../Frameworks",
				);
				MARKETING_VERSION = 1.0;
				PRODUCT_BUNDLE_IDENTIFIER = achord.dazuofanyiguan;
				PRODUCT_NAME = "$(TARGET_NAME)";
				SWIFT_EMIT_LOC_STRINGS = YES;
				SWIFT_VERSION = 5.0;
			};
			name = Release;
		};
		55115C6F2EF4DD8F00FAF4C0 /* Debug */ = {
			isa = XCBuildConfiguration;
			buildSettings = {
				BUNDLE_LOADER = "$(TEST_HOST)";
				CODE_SIGN_STYLE = Automatic;
				CURRENT_PROJECT_VERSION = 1;
				DEVELOPMENT_TEAM = S336CKXSUQ;
				GENERATE_INFOPLIST_FILE = YES;
				MACOSX_DEPLOYMENT_TARGET = 15.1;
				MARKETING_VERSION = 1.0;
				PRODUCT_BUNDLE_IDENTIFIER = achord.dazuofanyiguanTests;
				PRODUCT_NAME = "$(TARGET_NAME)";
				SWIFT_EMIT_LOC_STRINGS = NO;
				SWIFT_VERSION = 5.0;
				TEST_HOST = "$(BUILT_PRODUCTS_DIR)/dazuofanyiguan.app/$(BUNDLE_EXECUTABLE_FOLDER_PATH)/dazuofanyiguan";
			};
			name = Debug;
		};
		55115C702EF4DD8F00FAF4C0 /* Release */ = {
			isa = XCBuildConfiguration;
			buildSettings = {
				BUNDLE_LOADER = "$(TEST_HOST)";
				CODE_SIGN_STYLE = Automatic;
				CURRENT_PROJECT_VERSION = 1;
				DEVELOPMENT_TEAM = S336CKXSUQ;
				GENERATE_INFOPLIST_FILE = YES;
				MACOSX_DEPLOYMENT_TARGET = 15.1;
				MARKETING_VERSION = 1.0;
				PRODUCT_BUNDLE_IDENTIFIER = achord.dazuofanyiguanTests;
				PRODUCT_NAME = "$(TARGET_NAME)";
				SWIFT_EMIT_LOC_STRINGS = NO;
				SWIFT_VERSION = 5.0;
				TEST_HOST = "$(BUILT_PRODUCTS_DIR)/dazuofanyiguan.app/$(BUNDLE_EXECUTABLE_FOLDER_PATH)/dazuofanyiguan";
			};
			name = Release;
		};
		55115C722EF4DD8F00FAF4C0 /* Debug */ = {
			isa = XCBuildConfiguration;
			buildSettings = {
				CODE_SIGN_STYLE = Automatic;
				CURRENT_PROJECT_VERSION = 1;
				DEVELOPMENT_TEAM = S336CKXSUQ;
				GENERATE_INFOPLIST_FILE = YES;
				MARKETING_VERSION = 1.0;
				PRODUCT_BUNDLE_IDENTIFIER = achord.dazuofanyiguanUITests;
				PRODUCT_NAME = "$(TARGET_NAME)";
				SWIFT_EMIT_LOC_STRINGS = NO;
				SWIFT_VERSION = 5.0;
				TEST_TARGET_NAME = dazuofanyiguan;
			};
			name = Debug;
		};
		55115C732EF4DD8F00FAF4C0 /* Release */ = {
			isa = XCBuildConfiguration;
			buildSettings = {
				CODE_SIGN_STYLE = Automatic;
				CURRENT_PROJECT_VERSION = 1;
				DEVELOPMENT_TEAM = S336CKXSUQ;
				GENERATE_INFOPLIST_FILE = YES;
				MARKETING_VERSION = 1.0;
				PRODUCT_BUNDLE_IDENTIFIER = achord.dazuofanyiguanUITests;
				PRODUCT_NAME = "$(TARGET_NAME)";
				SWIFT_EMIT_LOC_STRINGS = NO;
				SWIFT_VERSION = 5.0;
				TEST_TARGET_NAME = dazuofanyiguan;
			};
			name = Release;
		};
/* End XCBuildConfiguration section */

/* Begin XCConfigurationList section */
		55115C412EF4DD8E00FAF4C0 /* Build configuration list for PBXProject "dazuofanyiguan" */ = {
			isa = XCConfigurationList;
			buildConfigurations = (
				55115C692EF4DD8F00FAF4C0 /* Debug */,
				55115C6A2EF4DD8F00FAF4C0 /* Release */,
			);
			defaultConfigurationIsVisible = 0;
			defaultConfigurationName = Release;
		};
		55115C6B2EF4DD8F00FAF4C0 /* Build configuration list for PBXNativeTarget "dazuofanyiguan" */ = {
			isa = XCConfigurationList;
			buildConfigurations = (
				55115C6C2EF4DD8F00FAF4C0 /* Debug */,
				55115C6D2EF4DD8F00FAF4C0 /* Release */,
			);
			defaultConfigurationIsVisible = 0;
			defaultConfigurationName = Release;
		};
		55115C6E2EF4DD8F00FAF4C0 /* Build configuration list for PBXNativeTarget "dazuofanyiguanTests" */ = {
			isa = XCConfigurationList;
			buildConfigurations = (
				55115C6F2EF4DD8F00FAF4C0 /* Debug */,
				55115C702EF4DD8F00FAF4C0 /* Release */,
			);
			defaultConfigurationIsVisible = 0;
			defaultConfigurationName = Release;
		};
		55115C712EF4DD8F00FAF4C0 /* Build configuration list for PBXNativeTarget "dazuofanyiguanUITests" */ = {
			isa = XCConfigurationList;
			buildConfigurations = (
				55115C722EF4DD8F00FAF4C0 /* Debug */,
				55115C732EF4DD8F00FAF4C0 /* Release */,
			);
			defaultConfigurationIsVisible = 0;
			defaultConfigurationName = Release;
		};
/* End XCConfigurationList section */
	};
	rootObject = 55115C3E2EF4DD8E00FAF4C0 /* Project object */;
}
